
Microsoft Visual Studio Solution File, Format Version 12.00
# Visual Studio Version 16
VisualStudioVersion = 16.0.32413.511
MinimumVisualStudioVersion = 10.0.40219.1
Project("{9A19103F-16F7-4668-BE54-9A1E7A4F7556}") = "GixTheGoblin", "GixTheGoblin.csproj", "{B6B03034-2190-4E02-9864-603ADD50FFBF}"
EndProject
Project("{FAE04EC0-301F-11D3-BF4B-00C04F79EFBC}") = "GixTheGoblinTests", "..\GixTheGoblinTests\GixTheGoblinTests.csproj", "{2BE86F70-3D4B-4C33-9B23-9E1690D166A4}"
EndProject
Global
	GlobalSection(SolutionConfigurationPlatforms) = preSolution
		Debug|Any CPU = Debug|Any CPU
		Release|Any CPU = Release|Any CPU
	EndGlobalSection
	GlobalSection(ProjectConfigurationPlatforms) = postSolution
		{B6B03034-2190-4E02-9864-603ADD50FFBF}.Debug|Any CPU.ActiveCfg = Debug|Any CPU
		{B6B03034-2190-4E02-9864-603ADD50FFBF}.Debug|Any CPU.Build.0 = Debug|Any CPU
		{B6B03034-2190-4E02-9864-603ADD50FFBF}.Release|Any CPU.ActiveCfg = Release|Any CPU
		{B6B03034-2190-4E02-9864-603ADD50FFBF}.Release|Any CPU.Build.0 = Release|Any CPU
		{2BE86F70-3D4B-4C33-9B23-9E1690D166A4}.Debug|Any CPU.ActiveCfg = Debug|Any CPU
		{2BE86F70-3D4B-4C33-9B23-9E1690D166A4}.Debug|Any CPU.Build.0 = Debug|Any CPU
		{2BE86F70-3D4B-4C33-9B23-9E1690D166A4}.Release|Any CPU.ActiveCfg = Release|Any CPU
		{2BE86F70-3D4B-4C33-9B23-9E1690D166A4}.Release|Any CPU.Build.0 = Release|Any CPU
	EndGlobalSection
	GlobalSection(SolutionProperties) = preSolution
		HideSolutionNode = FALSE
	EndGlobalSection
	GlobalSection(ExtensibilityGlobals) = postSolution
		SolutionGuid = {85382EF8-0B25-43C1-A476-A58430D3AC57}
	EndGlobalSection
EndGlobal
